// !$*UTF8*$!
{
	archiveVersion = 1;
	classes = {
	};
	objectVersion = 55;
	objects = {

/* Begin PBXBuildFile section */
		59BD2433286B56F30010D56E /* AppDelegate.swift in Sources */ = {isa = PBXBuildFile; fileRef = 59BD2432286B56F30010D56E /* AppDelegate.swift */; };
		59BD2435286B56F30010D56E /* SceneDelegate.swift in Sources */ = {isa = PBXBuildFile; fileRef = 59BD2434286B56F30010D56E /* SceneDelegate.swift */; };
		59BD2437286B56F30010D56E /* ViewController.swift in Sources */ = {isa = PBXBuildFile; fileRef = 59BD2436286B56F30010D56E /* ViewController.swift */; };
		59BD243A286B56F30010D56E /* Main.storyboard in Resources */ = {isa = PBXBuildFile; fileRef = 59BD2438286B56F30010D56E /* Main.storyboard */; };
		59BD243D286B56F30010D56E /* Git_Hub.xcdatamodeld in Sources */ = {isa = PBXBuildFile; fileRef = 59BD243B286B56F30010D56E /* Git_Hub.xcdatamodeld */; };
		59BD243F286B56FB0010D56E /* Assets.xcassets in Resources */ = {isa = PBXBuildFile; fileRef = 59BD243E286B56FB0010D56E /* Assets.xcassets */; };
		59BD2442286B56FB0010D56E /* LaunchScreen.storyboard in Resources */ = {isa = PBXBuildFile; fileRef = 59BD2440286B56FB0010D56E /* LaunchScreen.storyboard */; };
		59BD244D286B56FC0010D56E /* Git_HubTests.swift in Sources */ = {isa = PBXBuildFile; fileRef = 59BD244C286B56FC0010D56E /* Git_HubTests.swift */; };
		59BD2457286B56FC0010D56E /* Git_HubUITests.swift in Sources */ = {isa = PBXBuildFile; fileRef = 59BD2456286B56FC0010D56E /* Git_HubUITests.swift */; };
		59BD2459286B56FC0010D56E /* Git_HubUITestsLaunchTests.swift in Sources */ = {isa = PBXBuildFile; fileRef = 59BD2458286B56FC0010D56E /* Git_HubUITestsLaunchTests.swift */; };
/* End PBXBuildFile section */

/* Begin PBXContainerItemProxy section */
		59BD2449286B56FC0010D56E /* PBXContainerItemProxy */ = {
			isa = PBXContainerItemProxy;
			containerPortal = 59BD2427286B56F30010D56E /* Project object */;
			proxyType = 1;
			remoteGlobalIDString = 59BD242E286B56F30010D56E;
			remoteInfo = "Git Hub";
		};
		59BD2453286B56FC0010D56E /* PBXContainerItemProxy */ = {
			isa = PBXContainerItemProxy;
			containerPortal = 59BD2427286B56F30010D56E /* Project object */;
			proxyType = 1;
			remoteGlobalIDString = 59BD242E286B56F30010D56E;
			remoteInfo = "Git Hub";
		};
/* End PBXContainerItemProxy section */

/* Begin PBXFileReference section */
		59BD242F286B56F30010D56E /* Git Hub.app */ = {isa = PBXFileReference; explicitFileType = wrapper.application; includeInIndex = 0; path = "Git Hub.app"; sourceTree = BUILT_PRODUCTS_DIR; };
		59BD2432286B56F30010D56E /* AppDelegate.swift */ = {isa = PBXFileReference; lastKnownFileType = sourcecode.swift; path = AppDelegate.swift; sourceTree = "<group>"; };
		59BD2434286B56F30010D56E /* SceneDelegate.swift */ = {isa = PBXFileReference; lastKnownFileType = sourcecode.swift; path = SceneDelegate.swift; sourceTree = "<group>"; };
		59BD2436286B56F30010D56E /* ViewController.swift */ = {isa = PBXFileReference; lastKnownFileType = sourcecode.swift; path = ViewController.swift; sourceTree = "<group>"; };
		59BD2439286B56F30010D56E /* Base */ = {isa = PBXFileReference; lastKnownFileType = file.storyboard; name = Base; path = Base.lproj/Main.storyboard; sourceTree = "<group>"; };
		59BD243C286B56F30010D56E /* Git_Hub.xcdatamodel */ = {isa = PBXFileReference; lastKnownFileType = wrapper.xcdatamodel; path = Git_Hub.xcdatamodel; sourceTree = "<group>"; };
		59BD243E286B56FB0010D56E /* Assets.xcassets */ = {isa = PBXFileReference; lastKnownFileType = folder.assetcatalog; path = Assets.xcassets; sourceTree = "<group>"; };
		59BD2441286B56FB0010D56E /* Base */ = {isa = PBXFileReference; lastKnownFileType = file.storyboard; name = Base; path = Base.lproj/LaunchScreen.storyboard; sourceTree = "<group>"; };
		59BD2443286B56FB0010D56E /* Info.plist */ = {isa = PBXFileReference; lastKnownFileType = text.plist.xml; path = Info.plist; sourceTree = "<group>"; };
		59BD2448286B56FC0010D56E /* Git HubTests.xctest */ = {isa = PBXFileReference; explicitFileType = wrapper.cfbundle; includeInIndex = 0; path = "Git HubTests.xctest"; sourceTree = BUILT_PRODUCTS_DIR; };
		59BD244C286B56FC0010D56E /* Git_HubTests.swift */ = {isa = PBXFileReference; lastKnownFileType = sourcecode.swift; path = Git_HubTests.swift; sourceTree = "<group>"; };
		59BD2452286B56FC0010D56E /* Git HubUITests.xctest */ = {isa = PBXFileReference; explicitFileType = wrapper.cfbundle; includeInIndex = 0; path = "Git HubUITests.xctest"; sourceTree = BUILT_PRODUCTS_DIR; };
		59BD2456286B56FC0010D56E /* Git_HubUITests.swift */ = {isa = PBXFileReference; lastKnownFileType = sourcecode.swift; path = Git_HubUITests.swift; sourceTree = "<group>"; };
		59BD2458286B56FC0010D56E /* Git_HubUITestsLaunchTests.swift */ = {isa = PBXFileReference; lastKnownFileType = sourcecode.swift; path = Git_HubUITestsLaunchTests.swift; sourceTree = "<group>"; };
/* End PBXFileReference section */

/* Begin PBXFrameworksBuildPhase section */
		59BD242C286B56F30010D56E /* Frameworks */ = {
			isa = PBXFrameworksBuildPhase;
			buildActionMask = 2147483647;
			files = (
			);
			runOnlyForDeploymentPostprocessing = 0;
		};
		59BD2445286B56FC0010D56E /* Frameworks */ = {
			isa = PBXFrameworksBuildPhase;
			buildActionMask = 2147483647;
			files = (
			);
			runOnlyForDeploymentPostprocessing = 0;
		};
		59BD244F286B56FC0010D56E /* Frameworks */ = {
			isa = PBXFrameworksBuildPhase;
			buildActionMask = 2147483647;
			files = (
			);
			runOnlyForDeploymentPostprocessing = 0;
		};
/* End PBXFrameworksBuildPhase section */

/* Begin PBXGroup section */
		59BD2426286B56F30010D56E = {
			isa = PBXGroup;
			children = (
				59BD2431286B56F30010D56E /* Git Hub */,
				59BD244B286B56FC0010D56E /* Git HubTests */,
				59BD2455286B56FC0010D56E /* Git HubUITests */,
				59BD2430286B56F30010D56E /* Products */,
			);
			sourceTree = "<group>";
		};
		59BD2430286B56F30010D56E /* Products */ = {
			isa = PBXGroup;
			children = (
				59BD242F286B56F30010D56E /* Git Hub.app */,
				59BD2448286B56FC0010D56E /* Git HubTests.xctest */,
				59BD2452286B56FC0010D56E /* Git HubUITests.xctest */,
			);
			name = Products;
			sourceTree = "<group>";
		};
		59BD2431286B56F30010D56E /* Git Hub */ = {
			isa = PBXGroup;
			children = (
				59BD2432286B56F30010D56E /* AppDelegate.swift */,
				59BD2434286B56F30010D56E /* SceneDelegate.swift */,
				59BD2436286B56F30010D56E /* ViewController.swift */,
				59BD2438286B56F30010D56E /* Main.storyboard */,
				59BD243E286B56FB0010D56E /* Assets.xcassets */,
				59BD2440286B56FB0010D56E /* LaunchScreen.storyboard */,
				59BD2443286B56FB0010D56E /* Info.plist */,
				59BD243B286B56F30010D56E /* Git_Hub.xcdatamodeld */,
			);
			path = "Git Hub";
			sourceTree = "<group>";
		};
		59BD244B286B56FC0010D56E /* Git HubTests */ = {
			isa = PBXGroup;
			children = (
				59BD244C286B56FC0010D56E /* Git_HubTests.swift */,
			);
			path = "Git HubTests";
			sourceTree = "<group>";
		};
		59BD2455286B56FC0010D56E /* Git HubUITests */ = {
			isa = PBXGroup;
			children = (
				59BD2456286B56FC0010D56E /* Git_HubUITests.swift */,
				59BD2458286B56FC0010D56E /* Git_HubUITestsLaunchTests.swift */,
			);
			path = "Git HubUITests";
			sourceTree = "<group>";
		};
/* End PBXGroup section */

/* Begin PBXNativeTarget section */
		59BD242E286B56F30010D56E /* Git Hub */ = {
			isa = PBXNativeTarget;
			buildConfigurationList = 59BD245C286B56FC0010D56E /* Build configuration list for PBXNativeTarget "Git Hub" */;
			buildPhases = (
				59BD242B286B56F30010D56E /* Sources */,
				59BD242C286B56F30010D56E /* Frameworks */,
				59BD242D286B56F30010D56E /* Resources */,
			);
			buildRules = (
			);
			dependencies = (
			);
			name = "Git Hub";
			productName = "Git Hub";
			productReference = 59BD242F286B56F30010D56E /* Git Hub.app */;
			productType = "com.apple.product-type.application";
		};
		59BD2447286B56FC0010D56E /* Git HubTests */ = {
			isa = PBXNativeTarget;
			buildConfigurationList = 59BD245F286B56FC0010D56E /* Build configuration list for PBXNativeTarget "Git HubTests" */;
			buildPhases = (
				59BD2444286B56FC0010D56E /* Sources */,
				59BD2445286B56FC0010D56E /* Frameworks */,
				59BD2446286B56FC0010D56E /* Resources */,
			);
			buildRules = (
			);
			dependencies = (
				59BD244A286B56FC0010D56E /* PBXTargetDependency */,
			);
			name = "Git HubTests";
			productName = "Git HubTests";
			productReference = 59BD2448286B56FC0010D56E /* Git HubTests.xctest */;
			productType = "com.apple.product-type.bundle.unit-test";
		};
		59BD2451286B56FC0010D56E /* Git HubUITests */ = {
			isa = PBXNativeTarget;
			buildConfigurationList = 59BD2462286B56FC0010D56E /* Build configuration list for PBXNativeTarget "Git HubUITests" */;
			buildPhases = (
				59BD244E286B56FC0010D56E /* Sources */,
				59BD244F286B56FC0010D56E /* Frameworks */,
				59BD2450286B56FC0010D56E /* Resources */,
			);
			buildRules = (
			);
			dependencies = (
				59BD2454286B56FC0010D56E /* PBXTargetDependency */,
			);
			name = "Git HubUITests";
			productName = "Git HubUITests";
			productReference = 59BD2452286B56FC0010D56E /* Git HubUITests.xctest */;
			productType = "com.apple.product-type.bundle.ui-testing";
		};
/* End PBXNativeTarget section */

/* Begin PBXProject section */
		59BD2427286B56F30010D56E /* Project object */ = {
			isa = PBXProject;
			attributes = {
				BuildIndependentTargetsInParallel = 1;
				LastSwiftUpdateCheck = 1320;
				LastUpgradeCheck = 1320;
				TargetAttributes = {
					59BD242E286B56F30010D56E = {
						CreatedOnToolsVersion = 13.2.1;
					};
					59BD2447286B56FC0010D56E = {
						CreatedOnToolsVersion = 13.2.1;
						TestTargetID = 59BD242E286B56F30010D56E;
					};
					59BD2451286B56FC0010D56E = {
						CreatedOnToolsVersion = 13.2.1;
						TestTargetID = 59BD242E286B56F30010D56E;
					};
				};
			};
			buildConfigurationList = 59BD242A286B56F30010D56E /* Build configuration list for PBXProject "Git Hub" */;
			compatibilityVersion = "Xcode 13.0";
			developmentRegion = en;
			hasScannedForEncodings = 0;
			knownRegions = (
				en,
				Base,
			);
			mainGroup = 59BD2426286B56F30010D56E;
			productRefGroup = 59BD2430286B56F30010D56E /* Products */;
			projectDirPath = "";
			projectRoot = "";
			targets = (
				59BD242E286B56F30010D56E /* Git Hub */,
				59BD2447286B56FC0010D56E /* Git HubTests */,
				59BD2451286B56FC0010D56E /* Git HubUITests */,
			);
		};
/* End PBXProject section */

/* Begin PBXResourcesBuildPhase section */
		59BD242D286B56F30010D56E /* Resources */ = {
			isa = PBXResourcesBuildPhase;
			buildActionMask = 2147483647;
			files = (
				59BD2442286B56FB0010D56E /* LaunchScreen.storyboard in Resources */,
				59BD243F286B56FB0010D56E /* Assets.xcassets in Resources */,
				59BD243A286B56F30010D56E /* Main.storyboard in Resources */,
			);
			runOnlyForDeploymentPostprocessing = 0;
		};
		59BD2446286B56FC0010D56E /* Resources */ = {
			isa = PBXResourcesBuildPhase;
			buildActionMask = 2147483647;
			files = (
			);
			runOnlyForDeploymentPostprocessing = 0;
		};
		59BD2450286B56FC0010D56E /* Resources */ = {
			isa = PBXResourcesBuildPhase;
			buildActionMask = 2147483647;
			files = (
			);
			runOnlyForDeploymentPostprocessing = 0;
		};
/* End PBXResourcesBuildPhase section */

/* Begin PBXSourcesBuildPhase section */
		59BD242B286B56F30010D56E /* Sources */ = {
			isa = PBXSourcesBuildPhase;
			buildActionMask = 2147483647;
			files = (
				59BD2437286B56F30010D56E /* ViewController.swift in Sources */,
				59BD2433286B56F30010D56E /* AppDelegate.swift in Sources */,
				59BD243D286B56F30010D56E /* Git_Hub.xcdatamodeld in Sources */,
				59BD2435286B56F30010D56E /* SceneDelegate.swift in Sources */,
			);
			runOnlyForDeploymentPostprocessing = 0;
		};
		59BD2444286B56FC0010D56E /* Sources */ = {
			isa = PBXSourcesBuildPhase;
			buildActionMask = 2147483647;
			files = (
				59BD244D286B56FC0010D56E /* Git_HubTests.swift in Sources */,
			);
			runOnlyForDeploymentPostprocessing = 0;
		};
		59BD244E286B56FC0010D56E /* Sources */ = {
			isa = PBXSourcesBuildPhase;
			buildActionMask = 2147483647;
			files = (
				59BD2457286B56FC0010D56E /* Git_HubUITests.swift in Sources */,
				59BD2459286B56FC0010D56E /* Git_HubUITestsLaunchTests.swift in Sources */,
			);
			runOnlyForDeploymentPostprocessing = 0;
		};
/* End PBXSourcesBuildPhase section */

/* Begin PBXTargetDependency section */
		59BD244A286B56FC0010D56E /* PBXTargetDependency */ = {
			isa = PBXTargetDependency;
			target = 59BD242E286B56F30010D56E /* Git Hub */;
			targetProxy = 59BD2449286B56FC0010D56E /* PBXContainerItemProxy */;
		};
		59BD2454286B56FC0010D56E /* PBXTargetDependency */ = {
			isa = PBXTargetDependency;
			target = 59BD242E286B56F30010D56E /* Git Hub */;
			targetProxy = 59BD2453286B56FC0010D56E /* PBXContainerItemProxy */;
		};
/* End PBXTargetDependency section */

/* Begin PBXVariantGroup section */
		59BD2438286B56F30010D56E /* Main.storyboard */ = {
			isa = PBXVariantGroup;
			children = (
				59BD2439286B56F30010D56E /* Base */,
			);
			name = Main.storyboard;
			sourceTree = "<group>";
		};
		59BD2440286B56FB0010D56E /* LaunchScreen.storyboard */ = {
			isa = PBXVariantGroup;
			children = (
				59BD2441286B56FB0010D56E /* Base */,
			);
			name = LaunchScreen.storyboard;
			sourceTree = "<group>";
		};
/* End PBXVariantGroup section */

/* Begin XCBuildConfiguration section */
		59BD245A286B56FC0010D56E /* Debug */ = {
			isa = XCBuildConfiguration;
			buildSettings = {
				ALWAYS_SEARCH_USER_PATHS = NO;
				CLANG_ANALYZER_NONNULL = YES;
				CLANG_ANALYZER_NUMBER_OBJECT_CONVERSION = YES_AGGRESSIVE;
				CLANG_CXX_LANGUAGE_STANDARD = "gnu++17";
				CLANG_CXX_LIBRARY = "libc++";
				CLANG_ENABLE_MODULES = YES;
				CLANG_ENABLE_OBJC_ARC = YES;
				CLANG_ENABLE_OBJC_WEAK = YES;
				CLANG_WARN_BLOCK_CAPTURE_AUTORELEASING = YES;
				CLANG_WARN_BOOL_CONVERSION = YES;
				CLANG_WARN_COMMA = YES;
				CLANG_WARN_CONSTANT_CONVERSION = YES;
				CLANG_WARN_DEPRECATED_OBJC_IMPLEMENTATIONS = YES;
				CLANG_WARN_DIRECT_OBJC_ISA_USAGE = YES_ERROR;
				CLANG_WARN_DOCUMENTATION_COMMENTS = YES;
				CLANG_WARN_EMPTY_BODY = YES;
				CLANG_WARN_ENUM_CONVERSION = YES;
				CLANG_WARN_INFINITE_RECURSION = YES;
				CLANG_WARN_INT_CONVERSION = YES;
				CLANG_WARN_NON_LITERAL_NULL_CONVERSION = YES;
				CLANG_WARN_OBJC_IMPLICIT_RETAIN_SELF = YES;
				CLANG_WARN_OBJC_LITERAL_CONVERSION = YES;
				CLANG_WARN_OBJC_ROOT_CLASS = YES_ERROR;
				CLANG_WARN_QUOTED_INCLUDE_IN_FRAMEWORK_HEADER = YES;
				CLANG_WARN_RANGE_LOOP_ANALYSIS = YES;
				CLANG_WARN_STRICT_PROTOTYPES = YES;
				CLANG_WARN_SUSPICIOUS_MOVE = YES;
				CLANG_WARN_UNGUARDED_AVAILABILITY = YES_AGGRESSIVE;
				CLANG_WARN_UNREACHABLE_CODE = YES;
				CLANG_WARN__DUPLICATE_METHOD_MATCH = YES;
				COPY_PHASE_STRIP = NO;
				DEBUG_INFORMATION_FORMAT = dwarf;
				ENABLE_STRICT_OBJC_MSGSEND = YES;
				ENABLE_TESTABILITY = YES;
				GCC_C_LANGUAGE_STANDARD = gnu11;
				GCC_DYNAMIC_NO_PIC = NO;
				GCC_NO_COMMON_BLOCKS = YES;
				GCC_OPTIMIZATION_LEVEL = 0;
				GCC_PREPROCESSOR_DEFINITIONS = (
					"DEBUG=1",
					"$(inherited)",
				);
				GCC_WARN_64_TO_32_BIT_CONVERSION = YES;
				GCC_WARN_ABOUT_RETURN_TYPE = YES_ERROR;
				GCC_WARN_UNDECLARED_SELECTOR = YES;
				GCC_WARN_UNINITIALIZED_AUTOS = YES_AGGRESSIVE;
				GCC_WARN_UNUSED_FUNCTION = YES;
				GCC_WARN_UNUSED_VARIABLE = YES;
				IPHONEOS_DEPLOYMENT_TARGET = 15.2;
				MTL_ENABLE_DEBUG_INFO = INCLUDE_SOURCE;
				MTL_FAST_MATH = YES;
				ONLY_ACTIVE_ARCH = YES;
				SDKROOT = iphoneos;
				SWIFT_ACTIVE_COMPILATION_CONDITIONS = DEBUG;
				SWIFT_OPTIMIZATION_LEVEL = "-Onone";
			};
			name = Debug;
		};
		59BD245B286B56FC0010D56E /* Release */ = {
			isa = XCBuildConfiguration;
			buildSettings = {
				ALWAYS_SEARCH_USER_PATHS = NO;
				CLANG_ANALYZER_NONNULL = YES;
				CLANG_ANALYZER_NUMBER_OBJECT_CONVERSION = YES_AGGRESSIVE;
				CLANG_CXX_LANGUAGE_STANDARD = "gnu++17";
				CLANG_CXX_LIBRARY = "libc++";
				CLANG_ENABLE_MODULES = YES;
				CLANG_ENABLE_OBJC_ARC = YES;
				CLANG_ENABLE_OBJC_WEAK = YES;
				CLANG_WARN_BLOCK_CAPTURE_AUTORELEASING = YES;
				CLANG_WARN_BOOL_CONVERSION = YES;
				CLANG_WARN_COMMA = YES;
				CLANG_WARN_CONSTANT_CONVERSION = YES;
				CLANG_WARN_DEPRECATED_OBJC_IMPLEMENTATIONS = YES;
				CLANG_WARN_DIRECT_OBJC_ISA_USAGE = YES_ERROR;
				CLANG_WARN_DOCUMENTATION_COMMENTS = YES;
				CLANG_WARN_EMPTY_BODY = YES;
				CLANG_WARN_ENUM_CONVERSION = YES;
				CLANG_WARN_INFINITE_RECURSION = YES;
				CLANG_WARN_INT_CONVERSION = YES;
				CLANG_WARN_NON_LITERAL_NULL_CONVERSION = YES;
				CLANG_WARN_OBJC_IMPLICIT_RETAIN_SELF = YES;
				CLANG_WARN_OBJC_LITERAL_CONVERSION = YES;
				CLANG_WARN_OBJC_ROOT_CLASS = YES_ERROR;
				CLANG_WARN_QUOTED_INCLUDE_IN_FRAMEWORK_HEADER = YES;
				CLANG_WARN_RANGE_LOOP_ANALYSIS = YES;
				CLANG_WARN_STRICT_PROTOTYPES = YES;
				CLANG_WARN_SUSPICIOUS_MOVE = YES;
				CLANG_WARN_UNGUARDED_AVAILABILITY = YES_AGGRESSIVE;
				CLANG_WARN_UNREACHABLE_CODE = YES;
				CLANG_WARN__DUPLICATE_METHOD_MATCH = YES;
				COPY_PHASE_STRIP = NO;
				DEBUG_INFORMATION_FORMAT = "dwarf-with-dsym";
				ENABLE_NS_ASSERTIONS = NO;
				ENABLE_STRICT_OBJC_MSGSEND = YES;
				GCC_C_LANGUAGE_STANDARD = gnu11;
				GCC_NO_COMMON_BLOCKS = YES;
				GCC_WARN_64_TO_32_BIT_CONVERSION = YES;
				GCC_WARN_ABOUT_RETURN_TYPE = YES_ERROR;
				GCC_WARN_UNDECLARED_SELECTOR = YES;
				GCC_WARN_UNINITIALIZED_AUTOS = YES_AGGRESSIVE;
				GCC_WARN_UNUSED_FUNCTION = YES;
				GCC_WARN_UNUSED_VARIABLE = YES;
				IPHONEOS_DEPLOYMENT_TARGET = 15.2;
				MTL_ENABLE_DEBUG_INFO = NO;
				MTL_FAST_MATH = YES;
				SDKROOT = iphoneos;
				SWIFT_COMPILATION_MODE = wholemodule;
				SWIFT_OPTIMIZATION_LEVEL = "-O";
				VALIDATE_PRODUCT = YES;
			};
			name = Release;
		};
		59BD245D286B56FC0010D56E /* Debug */ = {
			isa = XCBuildConfiguration;
			buildSettings = {
				ASSETCATALOG_COMPILER_APPICON_NAME = AppIcon;
				ASSETCATALOG_COMPILER_GLOBAL_ACCENT_COLOR_NAME = AccentColor;
				CODE_SIGN_STYLE = Automatic;
				CURRENT_PROJECT_VERSION = 1;
				GENERATE_INFOPLIST_FILE = YES;
				INFOPLIST_FILE = "Git Hub/Info.plist";
				INFOPLIST_KEY_UIApplicationSupportsIndirectInputEvents = YES;
				INFOPLIST_KEY_UILaunchStoryboardName = LaunchScreen;
				INFOPLIST_KEY_UIMainStoryboardFile = Main;
				INFOPLIST_KEY_UISupportedInterfaceOrientations_iPad = "UIInterfaceOrientationPortrait UIInterfaceOrientationPortraitUpsideDown UIInterfaceOrientationLandscapeLeft UIInterfaceOrientationLandscapeRight";
				INFOPLIST_KEY_UISupportedInterfaceOrientations_iPhone = "UIInterfaceOrientationPortrait UIInterfaceOrientationLandscapeLeft UIInterfaceOrientationLandscapeRight";
				LD_RUNPATH_SEARCH_PATHS = (
					"$(inherited)",
					"@executable_path/Frameworks",
				);
				MARKETING_VERSION = 1.0;
				PRODUCT_BUNDLE_IDENTIFIER = "kwk.Git-Hub";
				PRODUCT_NAME = "$(TARGET_NAME)";
				SWIFT_EMIT_LOC_STRINGS = YES;
				SWIFT_VERSION = 5.0;
				TARGETED_DEVICE_FAMILY = "1,2";
			};
			name = Debug;
		};
		59BD245E286B56FC0010D56E /* Release */ = {
			isa = XCBuildConfiguration;
			buildSettings = {
				ASSETCATALOG_COMPILER_APPICON_NAME = AppIcon;
				ASSETCATALOG_COMPILER_GLOBAL_ACCENT_COLOR_NAME = AccentColor;
				CODE_SIGN_STYLE = Automatic;
				CURRENT_PROJECT_VERSION = 1;
				GENERATE_INFOPLIST_FILE = YES;
				INFOPLIST_FILE = "Git Hub/Info.plist";
				INFOPLIST_KEY_UIApplicationSupportsIndirectInputEvents = YES;
				INFOPLIST_KEY_UILaunchStoryboardName = LaunchScreen;
				INFOPLIST_KEY_UIMainStoryboardFile = Main;
				INFOPLIST_KEY_UISupportedInterfaceOrientations_iPad = "UIInterfaceOrientationPortrait UIInterfaceOrientationPortraitUpsideDown UIInterfaceOrientationLandscapeLeft UIInterfaceOrientationLandscapeRight";
				INFOPLIST_KEY_UISupportedInterfaceOrientations_iPhone = "UIInterfaceOrientationPortrait UIInterfaceOrientationLandscapeLeft UIInterfaceOrientationLandscapeRight";
				LD_RUNPATH_SEARCH_PATHS = (
					"$(inherited)",
					"@executable_path/Frameworks",
				);
				MARKETING_VERSION = 1.0;
				PRODUCT_BUNDLE_IDENTIFIER = "kwk.Git-Hub";
				PRODUCT_NAME = "$(TARGET_NAME)";
				SWIFT_EMIT_LOC_STRINGS = YES;
				SWIFT_VERSION = 5.0;
				TARGETED_DEVICE_FAMILY = "1,2";
			};
			name = Release;
		};
		59BD2460286B56FC0010D56E /* Debug */ = {
			isa = XCBuildConfiguration;
			buildSettings = {
				ALWAYS_EMBED_SWIFT_STANDARD_LIBRARIES = YES;
				BUNDLE_LOADER = "$(TEST_HOST)";
				CODE_SIGN_STYLE = Automatic;
				CURRENT_PROJECT_VERSION = 1;
				GENERATE_INFOPLIST_FILE = YES;
				IPHONEOS_DEPLOYMENT_TARGET = 15.2;
				MARKETING_VERSION = 1.0;
				PRODUCT_BUNDLE_IDENTIFIER = "kwk.Git-HubTests";
				PRODUCT_NAME = "$(TARGET_NAME)";
				SWIFT_EMIT_LOC_STRINGS = NO;
				SWIFT_VERSION = 5.0;
				TARGETED_DEVICE_FAMILY = "1,2";
				TEST_HOST = "$(BUILT_PRODUCTS_DIR)/Git Hub.app/Git Hub";
			};
			name = Debug;
		};
		59BD2461286B56FC0010D56E /* Release */ = {
			isa = XCBuildConfiguration;
			buildSettings = {
				ALWAYS_EMBED_SWIFT_STANDARD_LIBRARIES = YES;
				BUNDLE_LOADER = "$(TEST_HOST)";
				CODE_SIGN_STYLE = Automatic;
				CURRENT_PROJECT_VERSION = 1;
				GENERATE_INFOPLIST_FILE = YES;
				IPHONEOS_DEPLOYMENT_TARGET = 15.2;
				MARKETING_VERSION = 1.0;
				PRODUCT_BUNDLE_IDENTIFIER = "kwk.Git-HubTests";
				PRODUCT_NAME = "$(TARGET_NAME)";
				SWIFT_EMIT_LOC_STRINGS = NO;
				SWIFT_VERSION = 5.0;
				TARGETED_DEVICE_FAMILY = "1,2";
				TEST_HOST = "$(BUILT_PRODUCTS_DIR)/Git Hub.app/Git Hub";
			};
			name = Release;
		};
		59BD2463286B56FC0010D56E /* Debug */ = {
			isa = XCBuildConfiguration;
			buildSettings = {
				ALWAYS_EMBED_SWIFT_STANDARD_LIBRARIES = YES;
				CODE_SIGN_STYLE = Automatic;
				CURRENT_PROJECT_VERSION = 1;
				GENERATE_INFOPLIST_FILE = YES;
				MARKETING_VERSION = 1.0;
				PRODUCT_BUNDLE_IDENTIFIER = "kwk.Git-HubUITests";
				PRODUCT_NAME = "$(TARGET_NAME)";
				SWIFT_EMIT_LOC_STRINGS = NO;
				SWIFT_VERSION = 5.0;
				TARGETED_DEVICE_FAMILY = "1,2";
				TEST_TARGET_NAME = "Git Hub";
			};
			name = Debug;
		};
		59BD2464286B56FC0010D56E /* Release */ = {
			isa = XCBuildConfiguration;
			buildSettings = {
				ALWAYS_EMBED_SWIFT_STANDARD_LIBRARIES = YES;
				CODE_SIGN_STYLE = Automatic;
				CURRENT_PROJECT_VERSION = 1;
				GENERATE_INFOPLIST_FILE = YES;
				MARKETING_VERSION = 1.0;
				PRODUCT_BUNDLE_IDENTIFIER = "kwk.Git-HubUITests";
				PRODUCT_NAME = "$(TARGET_NAME)";
				SWIFT_EMIT_LOC_STRINGS = NO;
				SWIFT_VERSION = 5.0;
				TARGETED_DEVICE_FAMILY = "1,2";
				TEST_TARGET_NAME = "Git Hub";
			};
			name = Release;
		};
/* End XCBuildConfiguration section */

/* Begin XCConfigurationList section */
		59BD242A286B56F30010D56E /* Build configuration list for PBXProject "Git Hub" */ = {
			isa = XCConfigurationList;
			buildConfigurations = (
				59BD245A286B56FC0010D56E /* Debug */,
				59BD245B286B56FC0010D56E /* Release */,
			);
			defaultConfigurationIsVisible = 0;
			defaultConfigurationName = Release;
		};
		59BD245C286B56FC0010D56E /* Build configuration list for PBXNativeTarget "Git Hub" */ = {
			isa = XCConfigurationList;
			buildConfigurations = (
				59BD245D286B56FC0010D56E /* Debug */,
				59BD245E286B56FC0010D56E /* Release */,
			);
			defaultConfigurationIsVisible = 0;
			defaultConfigurationName = Release;
		};
		59BD245F286B56FC0010D56E /* Build configuration list for PBXNativeTarget "Git HubTests" */ = {
			isa = XCConfigurationList;
			buildConfigurations = (
				59BD2460286B56FC0010D56E /* Debug */,
				59BD2461286B56FC0010D56E /* Release */,
			);
			defaultConfigurationIsVisible = 0;
			defaultConfigurationName = Release;
		};
		59BD2462286B56FC0010D56E /* Build configuration list for PBXNativeTarget "Git HubUITests" */ = {
			isa = XCConfigurationList;
			buildConfigurations = (
				59BD2463286B56FC0010D56E /* Debug */,
				59BD2464286B56FC0010D56E /* Release */,
			);
			defaultConfigurationIsVisible = 0;
			defaultConfigurationName = Release;
		};
/* End XCConfigurationList section */

/* Begin XCVersionGroup section */
		59BD243B286B56F30010D56E /* Git_Hub.xcdatamodeld */ = {
			isa = XCVersionGroup;
			children = (
				59BD243C286B56F30010D56E /* Git_Hub.xcdatamodel */,
			);
			currentVersion = 59BD243C286B56F30010D56E /* Git_Hub.xcdatamodel */;
			path = Git_Hub.xcdatamodeld;
			sourceTree = "<group>";
			versionGroupType = wrapper.xcdatamodel;
		};
/* End XCVersionGroup section */
	};
	rootObject = 59BD2427286B56F30010D56E /* Project object */;
}
